
Microsoft Visual Studio Solution File, Format Version 12.00
# Visual Studio Version 16
VisualStudioVersion = 16.0.31005.135
MinimumVisualStudioVersion = 10.0.40219.1
Project("{FAE04EC0-301F-11D3-BF4B-00C04F79EFBC}") = "CSharpCore", "CSharpCore\CSharpCore.csproj", "{03F834CA-5445-4A89-BA96-04792F0453BA}"
EndProject
Project("{FAE04EC0-301F-11D3-BF4B-00C04F79EFBC}") = "CSharpCore.Test", "CSharpCoreTest\CSharpCore.Test.csproj", "{5C137FF8-6E4A-4394-AD8E-B810F06E3C45}"
EndProject
Global
	GlobalSection(SolutionConfigurationPlatforms) = preSolution
		Debug|Any CPU = Debug|Any CPU
		Release|Any CPU = Release|Any CPU
	EndGlobalSection
	GlobalSection(ProjectConfigurationPlatforms) = postSolution
		{03F834CA-5445-4A89-BA96-04792F0453BA}.Debug|Any CPU.ActiveCfg = Debug|Any CPU
		{03F834CA-5445-4A89-BA96-04792F0453BA}.Debug|Any CPU.Build.0 = Debug|Any CPU
		{03F834CA-5445-4A89-BA96-04792F0453BA}.Release|Any CPU.ActiveCfg = Release|Any CPU
		{03F834CA-5445-4A89-BA96-04792F0453BA}.Release|Any CPU.Build.0 = Release|Any CPU
		{5C137FF8-6E4A-4394-AD8E-B810F06E3C45}.Debug|Any CPU.ActiveCfg = Debug|Any CPU
		{5C137FF8-6E4A-4394-AD8E-B810F06E3C45}.Debug|Any CPU.Build.0 = Debug|Any CPU
		{5C137FF8-6E4A-4394-AD8E-B810F06E3C45}.Release|Any CPU.ActiveCfg = Release|Any CPU
		{5C137FF8-6E4A-4394-AD8E-B810F06E3C45}.Release|Any CPU.Build.0 = Release|Any CPU
	EndGlobalSection
	GlobalSection(SolutionProperties) = preSolution
		HideSolutionNode = FALSE
	EndGlobalSection
	GlobalSection(ExtensibilityGlobals) = postSolution
		SolutionGuid = {4112FE17-2FCE-4E5B-8D5A-6D2B9F639754}
	EndGlobalSection
EndGlobal
